
Microsoft Visual Studio Solution File, Format Version 12.00
# Visual Studio Version 16
VisualStudioVersion = 16.0.29418.71
MinimumVisualStudioVersion = 10.0.40219.1
Project("{FAE04EC0-301F-11D3-BF4B-00C04F79EFBC}") = "DeliveryMissionsV", "DeliveryMissionsV.csproj", "{A979FC4A-9D3C-4C59-919D-912A37BEB0B2}"
EndProject
Global
	GlobalSection(SolutionConfigurationPlatforms) = preSolution
		Debug|Any CPU = Debug|Any CPU
		Release|Any CPU = Release|Any CPU
	EndGlobalSection
	GlobalSection(ProjectConfigurationPlatforms) = postSolution
		{A979FC4A-9D3C-4C59-919D-912A37BEB0B2}.Debug|Any CPU.ActiveCfg = Debug|Any CPU
		{A979FC4A-9D3C-4C59-919D-912A37BEB0B2}.Debug|Any CPU.Build.0 = Debug|Any CPU
		{A979FC4A-9D3C-4C59-919D-912A37BEB0B2}.Release|Any CPU.ActiveCfg = Release|Any CPU
		{A979FC4A-9D3C-4C59-919D-912A37BEB0B2}.Release|Any CPU.Build.0 = Release|Any CPU
	EndGlobalSection
	GlobalSection(SolutionProperties) = preSolution
		HideSolutionNode = FALSE
	EndGlobalSection
	GlobalSection(ExtensibilityGlobals) = postSolution
		SolutionGuid = {0B6311C3-274D-40D1-9C7A-A1DE51B76E02}
	EndGlobalSection
EndGlobal
